// !$*UTF8*$!
{
	archiveVersion = 1;
	classes = {
	};
	objectVersion = 56;
	objects = {

/* Begin PBXBuildFile section */
		F2A401CF2A4F200100CC4942 /* AppDelegate.swift in Sources */ = {isa = PBXBuildFile; fileRef = F2A401CE2A4F200100CC4942 /* AppDelegate.swift */; };
		F2A401D12A4F200100CC4942 /* SceneDelegate.swift in Sources */ = {isa = PBXBuildFile; fileRef = F2A401D02A4F200100CC4942 /* SceneDelegate.swift */; };
		F2A401D32A4F200100CC4942 /* MainTabBarViewController.swift in Sources */ = {isa = PBXBuildFile; fileRef = F2A401D22A4F200100CC4942 /* MainTabBarViewController.swift */; };
		F2A401D82A4F200200CC4942 /* Assets.xcassets in Resources */ = {isa = PBXBuildFile; fileRef = F2A401D72A4F200200CC4942 /* Assets.xcassets */; };
		F2A401DB2A4F200200CC4942 /* LaunchScreen.storyboard in Resources */ = {isa = PBXBuildFile; fileRef = F2A401D92A4F200200CC4942 /* LaunchScreen.storyboard */; };
		F2A401E42A4F227A00CC4942 /* HomeViewController.swift in Sources */ = {isa = PBXBuildFile; fileRef = F2A401E32A4F227A00CC4942 /* HomeViewController.swift */; };
		F2A401E62A4F22AE00CC4942 /* UpcomingViewController.swift in Sources */ = {isa = PBXBuildFile; fileRef = F2A401E52A4F22AE00CC4942 /* UpcomingViewController.swift */; };
		F2A401E82A4F22ED00CC4942 /* SearchViewController.swift in Sources */ = {isa = PBXBuildFile; fileRef = F2A401E72A4F22ED00CC4942 /* SearchViewController.swift */; };
		F2A401EA2A4F232400CC4942 /* DownloadsViewController.swift in Sources */ = {isa = PBXBuildFile; fileRef = F2A401E92A4F232400CC4942 /* DownloadsViewController.swift */; };
		F2A401F22A4F56A600CC4942 /* CollectionViewTableViewCell.swift in Sources */ = {isa = PBXBuildFile; fileRef = F2A401F12A4F56A600CC4942 /* CollectionViewTableViewCell.swift */; };
		F2A401F42A4F66D900CC4942 /* HeroHeaderUIView.swift in Sources */ = {isa = PBXBuildFile; fileRef = F2A401F32A4F66D900CC4942 /* HeroHeaderUIView.swift */; };
/* End PBXBuildFile section */

/* Begin PBXFileReference section */
		F2A401CB2A4F200100CC4942 /* watchly.app */ = {isa = PBXFileReference; explicitFileType = wrapper.application; includeInIndex = 0; path = watchly.app; sourceTree = BUILT_PRODUCTS_DIR; };
		F2A401CE2A4F200100CC4942 /* AppDelegate.swift */ = {isa = PBXFileReference; lastKnownFileType = sourcecode.swift; path = AppDelegate.swift; sourceTree = "<group>"; };
		F2A401D02A4F200100CC4942 /* SceneDelegate.swift */ = {isa = PBXFileReference; lastKnownFileType = sourcecode.swift; path = SceneDelegate.swift; sourceTree = "<group>"; };
		F2A401D22A4F200100CC4942 /* MainTabBarViewController.swift */ = {isa = PBXFileReference; lastKnownFileType = sourcecode.swift; path = MainTabBarViewController.swift; sourceTree = "<group>"; };
		F2A401D72A4F200200CC4942 /* Assets.xcassets */ = {isa = PBXFileReference; lastKnownFileType = folder.assetcatalog; path = Assets.xcassets; sourceTree = "<group>"; };
		F2A401DA2A4F200200CC4942 /* Base */ = {isa = PBXFileReference; lastKnownFileType = file.storyboard; name = Base; path = Base.lproj/LaunchScreen.storyboard; sourceTree = "<group>"; };
		F2A401DC2A4F200200CC4942 /* Info.plist */ = {isa = PBXFileReference; lastKnownFileType = text.plist.xml; path = Info.plist; sourceTree = "<group>"; };
		F2A401E32A4F227A00CC4942 /* HomeViewController.swift */ = {isa = PBXFileReference; lastKnownFileType = sourcecode.swift; path = HomeViewController.swift; sourceTree = "<group>"; };
		F2A401E52A4F22AE00CC4942 /* UpcomingViewController.swift */ = {isa = PBXFileReference; lastKnownFileType = sourcecode.swift; path = UpcomingViewController.swift; sourceTree = "<group>"; };
		F2A401E72A4F22ED00CC4942 /* SearchViewController.swift */ = {isa = PBXFileReference; lastKnownFileType = sourcecode.swift; path = SearchViewController.swift; sourceTree = "<group>"; };
		F2A401E92A4F232400CC4942 /* DownloadsViewController.swift */ = {isa = PBXFileReference; lastKnownFileType = sourcecode.swift; path = DownloadsViewController.swift; sourceTree = "<group>"; };
		F2A401F12A4F56A600CC4942 /* CollectionViewTableViewCell.swift */ = {isa = PBXFileReference; lastKnownFileType = sourcecode.swift; path = CollectionViewTableViewCell.swift; sourceTree = "<group>"; };
		F2A401F32A4F66D900CC4942 /* HeroHeaderUIView.swift */ = {isa = PBXFileReference; lastKnownFileType = sourcecode.swift; path = HeroHeaderUIView.swift; sourceTree = "<group>"; };
/* End PBXFileReference section */

/* Begin PBXFrameworksBuildPhase section */
		F2A401C82A4F200100CC4942 /* Frameworks */ = {
			isa = PBXFrameworksBuildPhase;
			buildActionMask = 2147483647;
			files = (
			);
			runOnlyForDeploymentPostprocessing = 0;
		};
/* End PBXFrameworksBuildPhase section */

/* Begin PBXGroup section */
		F2A401C22A4F200100CC4942 = {
			isa = PBXGroup;
			children = (
				F2A401CD2A4F200100CC4942 /* watchly */,
				F2A401CC2A4F200100CC4942 /* Products */,
			);
			sourceTree = "<group>";
		};
		F2A401CC2A4F200100CC4942 /* Products */ = {
			isa = PBXGroup;
			children = (
				F2A401CB2A4F200100CC4942 /* watchly.app */,
			);
			name = Products;
			sourceTree = "<group>";
		};
		F2A401CD2A4F200100CC4942 /* watchly */ = {
			isa = PBXGroup;
			children = (
				F2A401CE2A4F200100CC4942 /* AppDelegate.swift */,
				F2A401D02A4F200100CC4942 /* SceneDelegate.swift */,
				F2A401EE2A4F560D00CC4942 /* Models */,
				F2A401EB2A4F55F800CC4942 /* Views */,
				F2A401EC2A4F55FC00CC4942 /* ViewModels */,
				F2A401E22A4F225F00CC4942 /* Controllers */,
				F2A401F02A4F563E00CC4942 /*  Managers */,
				F2A401EF2A4F563000CC4942 /* Resources */,
				F2A401D72A4F200200CC4942 /* Assets.xcassets */,
				F2A401D92A4F200200CC4942 /* LaunchScreen.storyboard */,
				F2A401DC2A4F200200CC4942 /* Info.plist */,
			);
			path = watchly;
			sourceTree = "<group>";
		};
		F2A401E22A4F225F00CC4942 /* Controllers */ = {
			isa = PBXGroup;
			children = (
				F2A401D22A4F200100CC4942 /* MainTabBarViewController.swift */,
				F2A401E32A4F227A00CC4942 /* HomeViewController.swift */,
				F2A401E52A4F22AE00CC4942 /* UpcomingViewController.swift */,
				F2A401E72A4F22ED00CC4942 /* SearchViewController.swift */,
				F2A401E92A4F232400CC4942 /* DownloadsViewController.swift */,
			);
			path = Controllers;
			sourceTree = "<group>";
		};
		F2A401EB2A4F55F800CC4942 /* Views */ = {
			isa = PBXGroup;
			children = (
				F2A401F12A4F56A600CC4942 /* CollectionViewTableViewCell.swift */,
				F2A401F32A4F66D900CC4942 /* HeroHeaderUIView.swift */,
			);
			path = Views;
			sourceTree = "<group>";
		};
		F2A401EC2A4F55FC00CC4942 /* ViewModels */ = {
			isa = PBXGroup;
			children = (
			);
			path = ViewModels;
			sourceTree = "<group>";
		};
		F2A401EE2A4F560D00CC4942 /* Models */ = {
			isa = PBXGroup;
			children = (
			);
			path = Models;
			sourceTree = "<group>";
		};
		F2A401EF2A4F563000CC4942 /* Resources */ = {
			isa = PBXGroup;
			children = (
			);
			path = Resources;
			sourceTree = "<group>";
		};
		F2A401F02A4F563E00CC4942 /*  Managers */ = {
			isa = PBXGroup;
			children = (
			);
			path = " Managers";
			sourceTree = "<group>";
		};
/* End PBXGroup section */

/* Begin PBXNativeTarget section */
		F2A401CA2A4F200100CC4942 /* watchly */ = {
			isa = PBXNativeTarget;
			buildConfigurationList = F2A401DF2A4F200200CC4942 /* Build configuration list for PBXNativeTarget "watchly" */;
			buildPhases = (
				F2A401C72A4F200100CC4942 /* Sources */,
				F2A401C82A4F200100CC4942 /* Frameworks */,
				F2A401C92A4F200100CC4942 /* Resources */,
			);
			buildRules = (
			);
			dependencies = (
			);
			name = watchly;
			productName = watchly;
			productReference = F2A401CB2A4F200100CC4942 /* watchly.app */;
			productType = "com.apple.product-type.application";
		};
/* End PBXNativeTarget section */

/* Begin PBXProject section */
		F2A401C32A4F200100CC4942 /* Project object */ = {
			isa = PBXProject;
			attributes = {
				BuildIndependentTargetsInParallel = 1;
				LastSwiftUpdateCheck = 1430;
				LastUpgradeCheck = 1430;
				TargetAttributes = {
					F2A401CA2A4F200100CC4942 = {
						CreatedOnToolsVersion = 14.3.1;
					};
				};
			};
			buildConfigurationList = F2A401C62A4F200100CC4942 /* Build configuration list for PBXProject "watchly" */;
			compatibilityVersion = "Xcode 14.0";
			developmentRegion = en;
			hasScannedForEncodings = 0;
			knownRegions = (
				en,
				Base,
			);
			mainGroup = F2A401C22A4F200100CC4942;
			productRefGroup = F2A401CC2A4F200100CC4942 /* Products */;
			projectDirPath = "";
			projectRoot = "";
			targets = (
				F2A401CA2A4F200100CC4942 /* watchly */,
			);
		};
/* End PBXProject section */

/* Begin PBXResourcesBuildPhase section */
		F2A401C92A4F200100CC4942 /* Resources */ = {
			isa = PBXResourcesBuildPhase;
			buildActionMask = 2147483647;
			files = (
				F2A401DB2A4F200200CC4942 /* LaunchScreen.storyboard in Resources */,
				F2A401D82A4F200200CC4942 /* Assets.xcassets in Resources */,
			);
			runOnlyForDeploymentPostprocessing = 0;
		};
/* End PBXResourcesBuildPhase section */

/* Begin PBXSourcesBuildPhase section */
		F2A401C72A4F200100CC4942 /* Sources */ = {
			isa = PBXSourcesBuildPhase;
			buildActionMask = 2147483647;
			files = (
				F2A401E82A4F22ED00CC4942 /* SearchViewController.swift in Sources */,
				F2A401D32A4F200100CC4942 /* MainTabBarViewController.swift in Sources */,
				F2A401F22A4F56A600CC4942 /* CollectionViewTableViewCell.swift in Sources */,
				F2A401F42A4F66D900CC4942 /* HeroHeaderUIView.swift in Sources */,
				F2A401EA2A4F232400CC4942 /* DownloadsViewController.swift in Sources */,
				F2A401CF2A4F200100CC4942 /* AppDelegate.swift in Sources */,
				F2A401D12A4F200100CC4942 /* SceneDelegate.swift in Sources */,
				F2A401E62A4F22AE00CC4942 /* UpcomingViewController.swift in Sources */,
				F2A401E42A4F227A00CC4942 /* HomeViewController.swift in Sources */,
			);
			runOnlyForDeploymentPostprocessing = 0;
		};
/* End PBXSourcesBuildPhase section */

/* Begin PBXVariantGroup section */
		F2A401D92A4F200200CC4942 /* LaunchScreen.storyboard */ = {
			isa = PBXVariantGroup;
			children = (
				F2A401DA2A4F200200CC4942 /* Base */,
			);
			name = LaunchScreen.storyboard;
			sourceTree = "<group>";
		};
/* End PBXVariantGroup section */

/* Begin XCBuildConfiguration section */
		F2A401DD2A4F200200CC4942 /* Debug */ = {
			isa = XCBuildConfiguration;
			buildSettings = {
				ALWAYS_SEARCH_USER_PATHS = NO;
				CLANG_ANALYZER_NONNULL = YES;
				CLANG_ANALYZER_NUMBER_OBJECT_CONVERSION = YES_AGGRESSIVE;
				CLANG_CXX_LANGUAGE_STANDARD = "gnu++20";
				CLANG_ENABLE_MODULES = YES;
				CLANG_ENABLE_OBJC_ARC = YES;
				CLANG_ENABLE_OBJC_WEAK = YES;
				CLANG_WARN_BLOCK_CAPTURE_AUTORELEASING = YES;
				CLANG_WARN_BOOL_CONVERSION = YES;
				CLANG_WARN_COMMA = YES;
				CLANG_WARN_CONSTANT_CONVERSION = YES;
				CLANG_WARN_DEPRECATED_OBJC_IMPLEMENTATIONS = YES;
				CLANG_WARN_DIRECT_OBJC_ISA_USAGE = YES_ERROR;
				CLANG_WARN_DOCUMENTATION_COMMENTS = YES;
				CLANG_WARN_EMPTY_BODY = YES;
				CLANG_WARN_ENUM_CONVERSION = YES;
				CLANG_WARN_INFINITE_RECURSION = YES;
				CLANG_WARN_INT_CONVERSION = YES;
				CLANG_WARN_NON_LITERAL_NULL_CONVERSION = YES;
				CLANG_WARN_OBJC_IMPLICIT_RETAIN_SELF = YES;
				CLANG_WARN_OBJC_LITERAL_CONVERSION = YES;
				CLANG_WARN_OBJC_ROOT_CLASS = YES_ERROR;
				CLANG_WARN_QUOTED_INCLUDE_IN_FRAMEWORK_HEADER = YES;
				CLANG_WARN_RANGE_LOOP_ANALYSIS = YES;
				CLANG_WARN_STRICT_PROTOTYPES = YES;
				CLANG_WARN_SUSPICIOUS_MOVE = YES;
				CLANG_WARN_UNGUARDED_AVAILABILITY = YES_AGGRESSIVE;
				CLANG_WARN_UNREACHABLE_CODE = YES;
				CLANG_WARN__DUPLICATE_METHOD_MATCH = YES;
				COPY_PHASE_STRIP = NO;
				DEBUG_INFORMATION_FORMAT = dwarf;
				ENABLE_STRICT_OBJC_MSGSEND = YES;
				ENABLE_TESTABILITY = YES;
				GCC_C_LANGUAGE_STANDARD = gnu11;
				GCC_DYNAMIC_NO_PIC = NO;
				GCC_NO_COMMON_BLOCKS = YES;
				GCC_OPTIMIZATION_LEVEL = 0;
				GCC_PREPROCESSOR_DEFINITIONS = (
					"DEBUG=1",
					"$(inherited)",
				);
				GCC_WARN_64_TO_32_BIT_CONVERSION = YES;
				GCC_WARN_ABOUT_RETURN_TYPE = YES_ERROR;
				GCC_WARN_UNDECLARED_SELECTOR = YES;
				GCC_WARN_UNINITIALIZED_AUTOS = YES_AGGRESSIVE;
				GCC_WARN_UNUSED_FUNCTION = YES;
				GCC_WARN_UNUSED_VARIABLE = YES;
				IPHONEOS_DEPLOYMENT_TARGET = 16.4;
				MTL_ENABLE_DEBUG_INFO = INCLUDE_SOURCE;
				MTL_FAST_MATH = YES;
				ONLY_ACTIVE_ARCH = YES;
				SDKROOT = iphoneos;
				SWIFT_ACTIVE_COMPILATION_CONDITIONS = DEBUG;
				SWIFT_OPTIMIZATION_LEVEL = "-Onone";
			};
			name = Debug;
		};
		F2A401DE2A4F200200CC4942 /* Release */ = {
			isa = XCBuildConfiguration;
			buildSettings = {
				ALWAYS_SEARCH_USER_PATHS = NO;
				CLANG_ANALYZER_NONNULL = YES;
				CLANG_ANALYZER_NUMBER_OBJECT_CONVERSION = YES_AGGRESSIVE;
				CLANG_CXX_LANGUAGE_STANDARD = "gnu++20";
				CLANG_ENABLE_MODULES = YES;
				CLANG_ENABLE_OBJC_ARC = YES;
				CLANG_ENABLE_OBJC_WEAK = YES;
				CLANG_WARN_BLOCK_CAPTURE_AUTORELEASING = YES;
				CLANG_WARN_BOOL_CONVERSION = YES;
				CLANG_WARN_COMMA = YES;
				CLANG_WARN_CONSTANT_CONVERSION = YES;
				CLANG_WARN_DEPRECATED_OBJC_IMPLEMENTATIONS = YES;
				CLANG_WARN_DIRECT_OBJC_ISA_USAGE = YES_ERROR;
				CLANG_WARN_DOCUMENTATION_COMMENTS = YES;
				CLANG_WARN_EMPTY_BODY = YES;
				CLANG_WARN_ENUM_CONVERSION = YES;
				CLANG_WARN_INFINITE_RECURSION = YES;
				CLANG_WARN_INT_CONVERSION = YES;
				CLANG_WARN_NON_LITERAL_NULL_CONVERSION = YES;
				CLANG_WARN_OBJC_IMPLICIT_RETAIN_SELF = YES;
				CLANG_WARN_OBJC_LITERAL_CONVERSION = YES;
				CLANG_WARN_OBJC_ROOT_CLASS = YES_ERROR;
				CLANG_WARN_QUOTED_INCLUDE_IN_FRAMEWORK_HEADER = YES;
				CLANG_WARN_RANGE_LOOP_ANALYSIS = YES;
				CLANG_WARN_STRICT_PROTOTYPES = YES;
				CLANG_WARN_SUSPICIOUS_MOVE = YES;
				CLANG_WARN_UNGUARDED_AVAILABILITY = YES_AGGRESSIVE;
				CLANG_WARN_UNREACHABLE_CODE = YES;
				CLANG_WARN__DUPLICATE_METHOD_MATCH = YES;
				COPY_PHASE_STRIP = NO;
				DEBUG_INFORMATION_FORMAT = "dwarf-with-dsym";
				ENABLE_NS_ASSERTIONS = NO;
				ENABLE_STRICT_OBJC_MSGSEND = YES;
				GCC_C_LANGUAGE_STANDARD = gnu11;
				GCC_NO_COMMON_BLOCKS = YES;
				GCC_WARN_64_TO_32_BIT_CONVERSION = YES;
				GCC_WARN_ABOUT_RETURN_TYPE = YES_ERROR;
				GCC_WARN_UNDECLARED_SELECTOR = YES;
				GCC_WARN_UNINITIALIZED_AUTOS = YES_AGGRESSIVE;
				GCC_WARN_UNUSED_FUNCTION = YES;
				GCC_WARN_UNUSED_VARIABLE = YES;
				IPHONEOS_DEPLOYMENT_TARGET = 16.4;
				MTL_ENABLE_DEBUG_INFO = NO;
				MTL_FAST_MATH = YES;
				SDKROOT = iphoneos;
				SWIFT_COMPILATION_MODE = wholemodule;
				SWIFT_OPTIMIZATION_LEVEL = "-O";
				VALIDATE_PRODUCT = YES;
			};
			name = Release;
		};
		F2A401E02A4F200200CC4942 /* Debug */ = {
			isa = XCBuildConfiguration;
			buildSettings = {
				ASSETCATALOG_COMPILER_APPICON_NAME = AppIcon;
				ASSETCATALOG_COMPILER_GLOBAL_ACCENT_COLOR_NAME = AccentColor;
				CODE_SIGN_STYLE = Automatic;
				CURRENT_PROJECT_VERSION = 1;
				GENERATE_INFOPLIST_FILE = YES;
				INFOPLIST_FILE = watchly/Info.plist;
				INFOPLIST_KEY_UIApplicationSupportsIndirectInputEvents = YES;
				INFOPLIST_KEY_UILaunchStoryboardName = LaunchScreen;
				INFOPLIST_KEY_UISupportedInterfaceOrientations_iPad = "UIInterfaceOrientationPortrait UIInterfaceOrientationPortraitUpsideDown UIInterfaceOrientationLandscapeLeft UIInterfaceOrientationLandscapeRight";
				INFOPLIST_KEY_UISupportedInterfaceOrientations_iPhone = "UIInterfaceOrientationPortrait UIInterfaceOrientationLandscapeLeft UIInterfaceOrientationLandscapeRight";
				LD_RUNPATH_SEARCH_PATHS = (
					"$(inherited)",
					"@executable_path/Frameworks",
				);
				MARKETING_VERSION = 1.0;
				PRODUCT_BUNDLE_IDENTIFIER = com.ahmedmadhoun.watchly;
				PRODUCT_NAME = "$(TARGET_NAME)";
				SWIFT_EMIT_LOC_STRINGS = YES;
				SWIFT_VERSION = 5.0;
				TARGETED_DEVICE_FAMILY = "1,2";
			};
			name = Debug;
		};
		F2A401E12A4F200200CC4942 /* Release */ = {
			isa = XCBuildConfiguration;
			buildSettings = {
				ASSETCATALOG_COMPILER_APPICON_NAME = AppIcon;
				ASSETCATALOG_COMPILER_GLOBAL_ACCENT_COLOR_NAME = AccentColor;
				CODE_SIGN_STYLE = Automatic;
				CURRENT_PROJECT_VERSION = 1;
				GENERATE_INFOPLIST_FILE = YES;
				INFOPLIST_FILE = watchly/Info.plist;
				INFOPLIST_KEY_UIApplicationSupportsIndirectInputEvents = YES;
				INFOPLIST_KEY_UILaunchStoryboardName = LaunchScreen;
				INFOPLIST_KEY_UISupportedInterfaceOrientations_iPad = "UIInterfaceOrientationPortrait UIInterfaceOrientationPortraitUpsideDown UIInterfaceOrientationLandscapeLeft UIInterfaceOrientationLandscapeRight";
				INFOPLIST_KEY_UISupportedInterfaceOrientations_iPhone = "UIInterfaceOrientationPortrait UIInterfaceOrientationLandscapeLeft UIInterfaceOrientationLandscapeRight";
				LD_RUNPATH_SEARCH_PATHS = (
					"$(inherited)",
					"@executable_path/Frameworks",
				);
				MARKETING_VERSION = 1.0;
				PRODUCT_BUNDLE_IDENTIFIER = com.ahmedmadhoun.watchly;
				PRODUCT_NAME = "$(TARGET_NAME)";
				SWIFT_EMIT_LOC_STRINGS = YES;
				SWIFT_VERSION = 5.0;
				TARGETED_DEVICE_FAMILY = "1,2";
			};
			name = Release;
		};
/* End XCBuildConfiguration section */

/* Begin XCConfigurationList section */
		F2A401C62A4F200100CC4942 /* Build configuration list for PBXProject "watchly" */ = {
			isa = XCConfigurationList;
			buildConfigurations = (
				F2A401DD2A4F200200CC4942 /* Debug */,
				F2A401DE2A4F200200CC4942 /* Release */,
			);
			defaultConfigurationIsVisible = 0;
			defaultConfigurationName = Release;
		};
		F2A401DF2A4F200200CC4942 /* Build configuration list for PBXNativeTarget "watchly" */ = {
			isa = XCConfigurationList;
			buildConfigurations = (
				F2A401E02A4F200200CC4942 /* Debug */,
				F2A401E12A4F200200CC4942 /* Release */,
			);
			defaultConfigurationIsVisible = 0;
			defaultConfigurationName = Release;
		};
/* End XCConfigurationList section */
	};
	rootObject = F2A401C32A4F200100CC4942 /* Project object */;
}
